// !$*UTF8*$!
{
	archiveVersion = 1;
	classes = {
	};
	objectVersion = 50;
	objects = {

/* Begin PBXBuildFile section */
		18359EC02171CD3D002DFC30 /* AppDelegate.swift in Sources */ = {isa = PBXBuildFile; fileRef = 18359EBF2171CD3D002DFC30 /* AppDelegate.swift */; };
		18359EC22171CD3D002DFC30 /* ViewController.swift in Sources */ = {isa = PBXBuildFile; fileRef = 18359EC12171CD3D002DFC30 /* ViewController.swift */; };
		18359EC52171CD3D002DFC30 /* Main.storyboard in Resources */ = {isa = PBXBuildFile; fileRef = 18359EC32171CD3D002DFC30 /* Main.storyboard */; };
		18359EC82171CD3D002DFC30 /* AnimationAutoLayout.xcdatamodeld in Sources */ = {isa = PBXBuildFile; fileRef = 18359EC62171CD3D002DFC30 /* AnimationAutoLayout.xcdatamodeld */; };
		18359ECA2171CD3F002DFC30 /* Assets.xcassets in Resources */ = {isa = PBXBuildFile; fileRef = 18359EC92171CD3F002DFC30 /* Assets.xcassets */; };
		18359ECD2171CD3F002DFC30 /* LaunchScreen.storyboard in Resources */ = {isa = PBXBuildFile; fileRef = 18359ECB2171CD3F002DFC30 /* LaunchScreen.storyboard */; };
/* End PBXBuildFile section */

/* Begin PBXFileReference section */
		18359EBC2171CD3D002DFC30 /* AnimationAutoLayout.app */ = {isa = PBXFileReference; explicitFileType = wrapper.application; includeInIndex = 0; path = AnimationAutoLayout.app; sourceTree = BUILT_PRODUCTS_DIR; };
		18359EBF2171CD3D002DFC30 /* AppDelegate.swift */ = {isa = PBXFileReference; lastKnownFileType = sourcecode.swift; path = AppDelegate.swift; sourceTree = "<group>"; };
		18359EC12171CD3D002DFC30 /* ViewController.swift */ = {isa = PBXFileReference; lastKnownFileType = sourcecode.swift; path = ViewController.swift; sourceTree = "<group>"; };
		18359EC42171CD3D002DFC30 /* Base */ = {isa = PBXFileReference; lastKnownFileType = file.storyboard; name = Base; path = Base.lproj/Main.storyboard; sourceTree = "<group>"; };
		18359EC72171CD3D002DFC30 /* AnimationAutoLayout.xcdatamodel */ = {isa = PBXFileReference; lastKnownFileType = wrapper.xcdatamodel; path = AnimationAutoLayout.xcdatamodel; sourceTree = "<group>"; };
		18359EC92171CD3F002DFC30 /* Assets.xcassets */ = {isa = PBXFileReference; lastKnownFileType = folder.assetcatalog; path = Assets.xcassets; sourceTree = "<group>"; };
		18359ECC2171CD3F002DFC30 /* Base */ = {isa = PBXFileReference; lastKnownFileType = file.storyboard; name = Base; path = Base.lproj/LaunchScreen.storyboard; sourceTree = "<group>"; };
		18359ECE2171CD3F002DFC30 /* Info.plist */ = {isa = PBXFileReference; lastKnownFileType = text.plist.xml; path = Info.plist; sourceTree = "<group>"; };
/* End PBXFileReference section */

/* Begin PBXFrameworksBuildPhase section */
		18359EB92171CD3D002DFC30 /* Frameworks */ = {
			isa = PBXFrameworksBuildPhase;
			buildActionMask = 2147483647;
			files = (
			);
			runOnlyForDeploymentPostprocessing = 0;
		};
/* End PBXFrameworksBuildPhase section */

/* Begin PBXGroup section */
		18359EB32171CD3D002DFC30 = {
			isa = PBXGroup;
			children = (
				18359EBE2171CD3D002DFC30 /* AnimationAutoLayout */,
				18359EBD2171CD3D002DFC30 /* Products */,
			);
			sourceTree = "<group>";
		};
		18359EBD2171CD3D002DFC30 /* Products */ = {
			isa = PBXGroup;
			children = (
				18359EBC2171CD3D002DFC30 /* AnimationAutoLayout.app */,
			);
			name = Products;
			sourceTree = "<group>";
		};
		18359EBE2171CD3D002DFC30 /* AnimationAutoLayout */ = {
			isa = PBXGroup;
			children = (
				18359EBF2171CD3D002DFC30 /* AppDelegate.swift */,
				18359EC12171CD3D002DFC30 /* ViewController.swift */,
				18359EC32171CD3D002DFC30 /* Main.storyboard */,
				18359EC92171CD3F002DFC30 /* Assets.xcassets */,
				18359ECB2171CD3F002DFC30 /* LaunchScreen.storyboard */,
				18359ECE2171CD3F002DFC30 /* Info.plist */,
				18359EC62171CD3D002DFC30 /* AnimationAutoLayout.xcdatamodeld */,
			);
			path = AnimationAutoLayout;
			sourceTree = "<group>";
		};
/* End PBXGroup section */

/* Begin PBXNativeTarget section */
		18359EBB2171CD3D002DFC30 /* AnimationAutoLayout */ = {
			isa = PBXNativeTarget;
			buildConfigurationList = 18359ED12171CD3F002DFC30 /* Build configuration list for PBXNativeTarget "AnimationAutoLayout" */;
			buildPhases = (
				18359EB82171CD3D002DFC30 /* Sources */,
				18359EB92171CD3D002DFC30 /* Frameworks */,
				18359EBA2171CD3D002DFC30 /* Resources */,
			);
			buildRules = (
			);
			dependencies = (
			);
			name = AnimationAutoLayout;
			productName = AnimationAutoLayout;
			productReference = 18359EBC2171CD3D002DFC30 /* AnimationAutoLayout.app */;
			productType = "com.apple.product-type.application";
		};
/* End PBXNativeTarget section */

/* Begin PBXProject section */
		18359EB42171CD3D002DFC30 /* Project object */ = {
			isa = PBXProject;
			attributes = {
				LastSwiftUpdateCheck = 1000;
				LastUpgradeCheck = 1000;
				ORGANIZATIONNAME = "Kuang-Der Wu";
				TargetAttributes = {
					18359EBB2171CD3D002DFC30 = {
						CreatedOnToolsVersion = 10.0;
					};
				};
			};
			buildConfigurationList = 18359EB72171CD3D002DFC30 /* Build configuration list for PBXProject "AnimationAutoLayout" */;
			compatibilityVersion = "Xcode 9.3";
			developmentRegion = en;
			hasScannedForEncodings = 0;
			knownRegions = (
				en,
				Base,
			);
			mainGroup = 18359EB32171CD3D002DFC30;
			productRefGroup = 18359EBD2171CD3D002DFC30 /* Products */;
			projectDirPath = "";
			projectRoot = "";
			targets = (
				18359EBB2171CD3D002DFC30 /* AnimationAutoLayout */,
			);
		};
/* End PBXProject section */

/* Begin PBXResourcesBuildPhase section */
		18359EBA2171CD3D002DFC30 /* Resources */ = {
			isa = PBXResourcesBuildPhase;
			buildActionMask = 2147483647;
			files = (
				18359ECD2171CD3F002DFC30 /* LaunchScreen.storyboard in Resources */,
				18359ECA2171CD3F002DFC30 /* Assets.xcassets in Resources */,
				18359EC52171CD3D002DFC30 /* Main.storyboard in Resources */,
			);
			runOnlyForDeploymentPostprocessing = 0;
		};
/* End PBXResourcesBuildPhase section */

/* Begin PBXSourcesBuildPhase section */
		18359EB82171CD3D002DFC30 /* Sources */ = {
			isa = PBXSourcesBuildPhase;
			buildActionMask = 2147483647;
			files = (
				18359EC22171CD3D002DFC30 /* ViewController.swift in Sources */,
				18359EC82171CD3D002DFC30 /* AnimationAutoLayout.xcdatamodeld in Sources */,
				18359EC02171CD3D002DFC30 /* AppDelegate.swift in Sources */,
			);
			runOnlyForDeploymentPostprocessing = 0;
		};
/* End PBXSourcesBuildPhase section */

/* Begin PBXVariantGroup section */
		18359EC32171CD3D002DFC30 /* Main.storyboard */ = {
			isa = PBXVariantGroup;
			children = (
				18359EC42171CD3D002DFC30 /* Base */,
			);
			name = Main.storyboard;
			sourceTree = "<group>";
		};
		18359ECB2171CD3F002DFC30 /* LaunchScreen.storyboard */ = {
			isa = PBXVariantGroup;
			children = (
				18359ECC2171CD3F002DFC30 /* Base */,
			);
			name = LaunchScreen.storyboard;
			sourceTree = "<group>";
		};
/* End PBXVariantGroup section */

/* Begin XCBuildConfiguration section */
		18359ECF2171CD3F002DFC30 /* Debug */ = {
			isa = XCBuildConfiguration;
			buildSettings = {
				ALWAYS_SEARCH_USER_PATHS = NO;
				CLANG_ANALYZER_NONNULL = YES;
				CLANG_ANALYZER_NUMBER_OBJECT_CONVERSION = YES_AGGRESSIVE;
				CLANG_CXX_LANGUAGE_STANDARD = "gnu++14";
				CLANG_CXX_LIBRARY = "libc++";
				CLANG_ENABLE_MODULES = YES;
				CLANG_ENABLE_OBJC_ARC = YES;
				CLANG_ENABLE_OBJC_WEAK = YES;
				CLANG_WARN_BLOCK_CAPTURE_AUTORELEASING = YES;
				CLANG_WARN_BOOL_CONVERSION = YES;
				CLANG_WARN_COMMA = YES;
				CLANG_WARN_CONSTANT_CONVERSION = YES;
				CLANG_WARN_DEPRECATED_OBJC_IMPLEMENTATIONS = YES;
				CLANG_WARN_DIRECT_OBJC_ISA_USAGE = YES_ERROR;
				CLANG_WARN_DOCUMENTATION_COMMENTS = YES;
				CLANG_WARN_EMPTY_BODY = YES;
				CLANG_WARN_ENUM_CONVERSION = YES;
				CLANG_WARN_INFINITE_RECURSION = YES;
				CLANG_WARN_INT_CONVERSION = YES;
				CLANG_WARN_NON_LITERAL_NULL_CONVERSION = YES;
				CLANG_WARN_OBJC_IMPLICIT_RETAIN_SELF = YES;
				CLANG_WARN_OBJC_LITERAL_CONVERSION = YES;
				CLANG_WARN_OBJC_ROOT_CLASS = YES_ERROR;
				CLANG_WARN_RANGE_LOOP_ANALYSIS = YES;
				CLANG_WARN_STRICT_PROTOTYPES = YES;
				CLANG_WARN_SUSPICIOUS_MOVE = YES;
				CLANG_WARN_UNGUARDED_AVAILABILITY = YES_AGGRESSIVE;
				CLANG_WARN_UNREACHABLE_CODE = YES;
				CLANG_WARN__DUPLICATE_METHOD_MATCH = YES;
				CODE_SIGN_IDENTITY = "iPhone Developer";
				COPY_PHASE_STRIP = NO;
				DEBUG_INFORMATION_FORMAT = dwarf;
				ENABLE_STRICT_OBJC_MSGSEND = YES;
				ENABLE_TESTABILITY = YES;
				GCC_C_LANGUAGE_STANDARD = gnu11;
				GCC_DYNAMIC_NO_PIC = NO;
				GCC_NO_COMMON_BLOCKS = YES;
				GCC_OPTIMIZATION_LEVEL = 0;
				GCC_PREPROCESSOR_DEFINITIONS = (
					"DEBUG=1",
					"$(inherited)",
				);
				GCC_WARN_64_TO_32_BIT_CONVERSION = YES;
				GCC_WARN_ABOUT_RETURN_TYPE = YES_ERROR;
				GCC_WARN_UNDECLARED_SELECTOR = YES;
				GCC_WARN_UNINITIALIZED_AUTOS = YES_AGGRESSIVE;
				GCC_WARN_UNUSED_FUNCTION = YES;
				GCC_WARN_UNUSED_VARIABLE = YES;
				IPHONEOS_DEPLOYMENT_TARGET = 12.0;
				MTL_ENABLE_DEBUG_INFO = INCLUDE_SOURCE;
				MTL_FAST_MATH = YES;
				ONLY_ACTIVE_ARCH = YES;
				SDKROOT = iphoneos;
				SWIFT_ACTIVE_COMPILATION_CONDITIONS = DEBUG;
				SWIFT_OPTIMIZATION_LEVEL = "-Onone";
			};
			name = Debug;
		};
		18359ED02171CD3F002DFC30 /* Release */ = {
			isa = XCBuildConfiguration;
			buildSettings = {
				ALWAYS_SEARCH_USER_PATHS = NO;
				CLANG_ANALYZER_NONNULL = YES;
				CLANG_ANALYZER_NUMBER_OBJECT_CONVERSION = YES_AGGRESSIVE;
				CLANG_CXX_LANGUAGE_STANDARD = "gnu++14";
				CLANG_CXX_LIBRARY = "libc++";
				CLANG_ENABLE_MODULES = YES;
				CLANG_ENABLE_OBJC_ARC = YES;
				CLANG_ENABLE_OBJC_WEAK = YES;
				CLANG_WARN_BLOCK_CAPTURE_AUTORELEASING = YES;
				CLANG_WARN_BOOL_CONVERSION = YES;
				CLANG_WARN_COMMA = YES;
				CLANG_WARN_CONSTANT_CONVERSION = YES;
				CLANG_WARN_DEPRECATED_OBJC_IMPLEMENTATIONS = YES;
				CLANG_WARN_DIRECT_OBJC_ISA_USAGE = YES_ERROR;
				CLANG_WARN_DOCUMENTATION_COMMENTS = YES;
				CLANG_WARN_EMPTY_BODY = YES;
				CLANG_WARN_ENUM_CONVERSION = YES;
				CLANG_WARN_INFINITE_RECURSION = YES;
				CLANG_WARN_INT_CONVERSION = YES;
				CLANG_WARN_NON_LITERAL_NULL_CONVERSION = YES;
				CLANG_WARN_OBJC_IMPLICIT_RETAIN_SELF = YES;
				CLANG_WARN_OBJC_LITERAL_CONVERSION = YES;
				CLANG_WARN_OBJC_ROOT_CLASS = YES_ERROR;
				CLANG_WARN_RANGE_LOOP_ANALYSIS = YES;
				CLANG_WARN_STRICT_PROTOTYPES = YES;
				CLANG_WARN_SUSPICIOUS_MOVE = YES;
				CLANG_WARN_UNGUARDED_AVAILABILITY = YES_AGGRESSIVE;
				CLANG_WARN_UNREACHABLE_CODE = YES;
				CLANG_WARN__DUPLICATE_METHOD_MATCH = YES;
				CODE_SIGN_IDENTITY = "iPhone Developer";
				COPY_PHASE_STRIP = NO;
				DEBUG_INFORMATION_FORMAT = "dwarf-with-dsym";
				ENABLE_NS_ASSERTIONS = NO;
				ENABLE_STRICT_OBJC_MSGSEND = YES;
				GCC_C_LANGUAGE_STANDARD = gnu11;
				GCC_NO_COMMON_BLOCKS = YES;
				GCC_WARN_64_TO_32_BIT_CONVERSION = YES;
				GCC_WARN_ABOUT_RETURN_TYPE = YES_ERROR;
				GCC_WARN_UNDECLARED_SELECTOR = YES;
				GCC_WARN_UNINITIALIZED_AUTOS = YES_AGGRESSIVE;
				GCC_WARN_UNUSED_FUNCTION = YES;
				GCC_WARN_UNUSED_VARIABLE = YES;
				IPHONEOS_DEPLOYMENT_TARGET = 12.0;
				MTL_ENABLE_DEBUG_INFO = NO;
				MTL_FAST_MATH = YES;
				SDKROOT = iphoneos;
				SWIFT_COMPILATION_MODE = wholemodule;
				SWIFT_OPTIMIZATION_LEVEL = "-O";
				VALIDATE_PRODUCT = YES;
			};
			name = Release;
		};
		18359ED22171CD3F002DFC30 /* Debug */ = {
			isa = XCBuildConfiguration;
			buildSettings = {
				ASSETCATALOG_COMPILER_APPICON_NAME = AppIcon;
				CODE_SIGN_STYLE = Automatic;
				DEVELOPMENT_TEAM = WH55HNJUSA;
				INFOPLIST_FILE = AnimationAutoLayout/Info.plist;
				LD_RUNPATH_SEARCH_PATHS = (
					"$(inherited)",
					"@executable_path/Frameworks",
				);
				PRODUCT_BUNDLE_IDENTIFIER = com.kdwu.AnimationAutoLayout;
				PRODUCT_NAME = "$(TARGET_NAME)";
				SWIFT_VERSION = 4.2;
				TARGETED_DEVICE_FAMILY = "1,2";
			};
			name = Debug;
		};
		18359ED32171CD3F002DFC30 /* Release */ = {
			isa = XCBuildConfiguration;
			buildSettings = {
				ASSETCATALOG_COMPILER_APPICON_NAME = AppIcon;
				CODE_SIGN_STYLE = Automatic;
				DEVELOPMENT_TEAM = WH55HNJUSA;
				INFOPLIST_FILE = AnimationAutoLayout/Info.plist;
				LD_RUNPATH_SEARCH_PATHS = (
					"$(inherited)",
					"@executable_path/Frameworks",
				);
				PRODUCT_BUNDLE_IDENTIFIER = com.kdwu.AnimationAutoLayout;
				PRODUCT_NAME = "$(TARGET_NAME)";
				SWIFT_VERSION = 4.2;
				TARGETED_DEVICE_FAMILY = "1,2";
			};
			name = Release;
		};
/* End XCBuildConfiguration section */

/* Begin XCConfigurationList section */
		18359EB72171CD3D002DFC30 /* Build configuration list for PBXProject "AnimationAutoLayout" */ = {
			isa = XCConfigurationList;
			buildConfigurations = (
				18359ECF2171CD3F002DFC30 /* Debug */,
				18359ED02171CD3F002DFC30 /* Release */,
			);
			defaultConfigurationIsVisible = 0;
			defaultConfigurationName = Release;
		};
		18359ED12171CD3F002DFC30 /* Build configuration list for PBXNativeTarget "AnimationAutoLayout" */ = {
			isa = XCConfigurationList;
			buildConfigurations = (
				18359ED22171CD3F002DFC30 /* Debug */,
				18359ED32171CD3F002DFC30 /* Release */,
			);
			defaultConfigurationIsVisible = 0;
			defaultConfigurationName = Release;
		};
/* End XCConfigurationList section */

/* Begin XCVersionGroup section */
		18359EC62171CD3D002DFC30 /* AnimationAutoLayout.xcdatamodeld */ = {
			isa = XCVersionGroup;
			children = (
				18359EC72171CD3D002DFC30 /* AnimationAutoLayout.xcdatamodel */,
			);
			currentVersion = 18359EC72171CD3D002DFC30 /* AnimationAutoLayout.xcdatamodel */;
			path = AnimationAutoLayout.xcdatamodeld;
			sourceTree = "<group>";
			versionGroupType = wrapper.xcdatamodel;
		};
/* End XCVersionGroup section */
	};
	rootObject = 18359EB42171CD3D002DFC30 /* Project object */;
}
